
Microsoft Visual Studio Solution File, Format Version 12.00
# Visual Studio Version 17
VisualStudioVersion = 17.9.34607.119
MinimumVisualStudioVersion = 10.0.40219.1
Project("{FAE04EC0-301F-11D3-BF4B-00C04F79EFBC}") = "EgyDynamic_Task", "EgyDynamic_Task\EgyDynamic_Task.csproj", "{7CACF9A3-9A1B-4A76-8877-689ABE49AE1A}"
EndProject
Global
	GlobalSection(SolutionConfigurationPlatforms) = preSolution
		Debug|Any CPU = Debug|Any CPU
		Release|Any CPU = Release|Any CPU
	EndGlobalSection
	GlobalSection(ProjectConfigurationPlatforms) = postSolution
		{7CACF9A3-9A1B-4A76-8877-689ABE49AE1A}.Debug|Any CPU.ActiveCfg = Debug|Any CPU
		{7CACF9A3-9A1B-4A76-8877-689ABE49AE1A}.Debug|Any CPU.Build.0 = Debug|Any CPU
		{7CACF9A3-9A1B-4A76-8877-689ABE49AE1A}.Release|Any CPU.ActiveCfg = Release|Any CPU
		{7CACF9A3-9A1B-4A76-8877-689ABE49AE1A}.Release|Any CPU.Build.0 = Release|Any CPU
	EndGlobalSection
	GlobalSection(SolutionProperties) = preSolution
		HideSolutionNode = FALSE
	EndGlobalSection
	GlobalSection(ExtensibilityGlobals) = postSolution
		SolutionGuid = {7CF14519-60ED-49E1-830A-40BCE5A05083}
	EndGlobalSection
EndGlobal
